
Microsoft Visual Studio Solution File, Format Version 12.00
# Visual Studio Version 17
VisualStudioVersion = 17.11.35327.3
MinimumVisualStudioVersion = 10.0.40219.1
Project("{FAE04EC0-301F-11D3-BF4B-00C04F79EFBC}") = "ConsoleApp3", "ConsoleApp3.csproj", "{BBC478A1-A1ED-4A94-A965-76B4F52CD8BA}"
EndProject
Global
	GlobalSection(SolutionConfigurationPlatforms) = preSolution
		Debug|Any CPU = Debug|Any CPU
		Release|Any CPU = Release|Any CPU
	EndGlobalSection
	GlobalSection(ProjectConfigurationPlatforms) = postSolution
		{BBC478A1-A1ED-4A94-A965-76B4F52CD8BA}.Debug|Any CPU.ActiveCfg = Debug|Any CPU
		{BBC478A1-A1ED-4A94-A965-76B4F52CD8BA}.Debug|Any CPU.Build.0 = Debug|Any CPU
		{BBC478A1-A1ED-4A94-A965-76B4F52CD8BA}.Release|Any CPU.ActiveCfg = Release|Any CPU
		{BBC478A1-A1ED-4A94-A965-76B4F52CD8BA}.Release|Any CPU.Build.0 = Release|Any CPU
	EndGlobalSection
	GlobalSection(SolutionProperties) = preSolution
		HideSolutionNode = FALSE
	EndGlobalSection
	GlobalSection(ExtensibilityGlobals) = postSolution
		SolutionGuid = {A9B9E04F-C9E4-43B2-A2A5-A4664946F499}
	EndGlobalSection
EndGlobal
